// !$*UTF8*$!
{
	archiveVersion = 1;
	classes = {
	};
	objectVersion = 46;
	objects = {

/* Begin PBXBuildFile section */
		3485FB401CF63F6D00D62FB2 /* AppDelegate.swift in Sources */ = {isa = PBXBuildFile; fileRef = 3485FB3F1CF63F6D00D62FB2 /* AppDelegate.swift */; };
		3485FB421CF63F6D00D62FB2 /* ViewController.swift in Sources */ = {isa = PBXBuildFile; fileRef = 3485FB411CF63F6D00D62FB2 /* ViewController.swift */; };
		3485FB451CF63F6D00D62FB2 /* Main.storyboard in Resources */ = {isa = PBXBuildFile; fileRef = 3485FB431CF63F6D00D62FB2 /* Main.storyboard */; };
		3485FB471CF63F6D00D62FB2 /* Assets.xcassets in Resources */ = {isa = PBXBuildFile; fileRef = 3485FB461CF63F6D00D62FB2 /* Assets.xcassets */; };
		3485FB4A1CF63F6D00D62FB2 /* LaunchScreen.storyboard in Resources */ = {isa = PBXBuildFile; fileRef = 3485FB481CF63F6D00D62FB2 /* LaunchScreen.storyboard */; };
		3485FB551CF63F6D00D62FB2 /* capital_projectTests.swift in Sources */ = {isa = PBXBuildFile; fileRef = 3485FB541CF63F6D00D62FB2 /* capital_projectTests.swift */; };
		3485FB601CF63F6D00D62FB2 /* capital_projectUITests.swift in Sources */ = {isa = PBXBuildFile; fileRef = 3485FB5F1CF63F6D00D62FB2 /* capital_projectUITests.swift */; };
		4401033A7AA6E795E56E95AE /* Pods_capital_project.framework in Frameworks */ = {isa = PBXBuildFile; fileRef = 9C93A5CB074E62E3D841FCAF /* Pods_capital_project.framework */; };
/* End PBXBuildFile section */

/* Begin PBXContainerItemProxy section */
		3485FB511CF63F6D00D62FB2 /* PBXContainerItemProxy */ = {
			isa = PBXContainerItemProxy;
			containerPortal = 3485FB341CF63F6D00D62FB2 /* Project object */;
			proxyType = 1;
			remoteGlobalIDString = 3485FB3B1CF63F6D00D62FB2;
			remoteInfo = "capital-project";
		};
		3485FB5C1CF63F6D00D62FB2 /* PBXContainerItemProxy */ = {
			isa = PBXContainerItemProxy;
			containerPortal = 3485FB341CF63F6D00D62FB2 /* Project object */;
			proxyType = 1;
			remoteGlobalIDString = 3485FB3B1CF63F6D00D62FB2;
			remoteInfo = "capital-project";
		};
/* End PBXContainerItemProxy section */

/* Begin PBXFileReference section */
		2F759435F4C749D543468DEE /* Pods-capital-project.debug.xcconfig */ = {isa = PBXFileReference; includeInIndex = 1; lastKnownFileType = text.xcconfig; name = "Pods-capital-project.debug.xcconfig"; path = "Pods/Target Support Files/Pods-capital-project/Pods-capital-project.debug.xcconfig"; sourceTree = "<group>"; };
		3485FB3C1CF63F6D00D62FB2 /* capital-project.app */ = {isa = PBXFileReference; explicitFileType = wrapper.application; includeInIndex = 0; path = "capital-project.app"; sourceTree = BUILT_PRODUCTS_DIR; };
		3485FB3F1CF63F6D00D62FB2 /* AppDelegate.swift */ = {isa = PBXFileReference; lastKnownFileType = sourcecode.swift; path = AppDelegate.swift; sourceTree = "<group>"; };
		3485FB411CF63F6D00D62FB2 /* ViewController.swift */ = {isa = PBXFileReference; lastKnownFileType = sourcecode.swift; path = ViewController.swift; sourceTree = "<group>"; };
		3485FB441CF63F6D00D62FB2 /* Base */ = {isa = PBXFileReference; lastKnownFileType = file.storyboard; name = Base; path = Base.lproj/Main.storyboard; sourceTree = "<group>"; };
		3485FB461CF63F6D00D62FB2 /* Assets.xcassets */ = {isa = PBXFileReference; lastKnownFileType = folder.assetcatalog; path = Assets.xcassets; sourceTree = "<group>"; };
		3485FB491CF63F6D00D62FB2 /* Base */ = {isa = PBXFileReference; lastKnownFileType = file.storyboard; name = Base; path = Base.lproj/LaunchScreen.storyboard; sourceTree = "<group>"; };
		3485FB4B1CF63F6D00D62FB2 /* Info.plist */ = {isa = PBXFileReference; lastKnownFileType = text.plist.xml; path = Info.plist; sourceTree = "<group>"; };
		3485FB501CF63F6D00D62FB2 /* capital-projectTests.xctest */ = {isa = PBXFileReference; explicitFileType = wrapper.cfbundle; includeInIndex = 0; path = "capital-projectTests.xctest"; sourceTree = BUILT_PRODUCTS_DIR; };
		3485FB541CF63F6D00D62FB2 /* capital_projectTests.swift */ = {isa = PBXFileReference; lastKnownFileType = sourcecode.swift; path = capital_projectTests.swift; sourceTree = "<group>"; };
		3485FB561CF63F6D00D62FB2 /* Info.plist */ = {isa = PBXFileReference; lastKnownFileType = text.plist.xml; path = Info.plist; sourceTree = "<group>"; };
		3485FB5B1CF63F6D00D62FB2 /* capital-projectUITests.xctest */ = {isa = PBXFileReference; explicitFileType = wrapper.cfbundle; includeInIndex = 0; path = "capital-projectUITests.xctest"; sourceTree = BUILT_PRODUCTS_DIR; };
		3485FB5F1CF63F6D00D62FB2 /* capital_projectUITests.swift */ = {isa = PBXFileReference; lastKnownFileType = sourcecode.swift; path = capital_projectUITests.swift; sourceTree = "<group>"; };
		3485FB611CF63F6D00D62FB2 /* Info.plist */ = {isa = PBXFileReference; lastKnownFileType = text.plist.xml; path = Info.plist; sourceTree = "<group>"; };
		34FF1D2EA41891DE0452405D /* Pods-capital-project.release.xcconfig */ = {isa = PBXFileReference; includeInIndex = 1; lastKnownFileType = text.xcconfig; name = "Pods-capital-project.release.xcconfig"; path = "Pods/Target Support Files/Pods-capital-project/Pods-capital-project.release.xcconfig"; sourceTree = "<group>"; };
		9C93A5CB074E62E3D841FCAF /* Pods_capital_project.framework */ = {isa = PBXFileReference; explicitFileType = wrapper.framework; includeInIndex = 0; path = Pods_capital_project.framework; sourceTree = BUILT_PRODUCTS_DIR; };
/* End PBXFileReference section */

/* Begin PBXFrameworksBuildPhase section */
		3485FB391CF63F6D00D62FB2 /* Frameworks */ = {
			isa = PBXFrameworksBuildPhase;
			buildActionMask = 2147483647;
			files = (
				4401033A7AA6E795E56E95AE /* Pods_capital_project.framework in Frameworks */,
			);
			runOnlyForDeploymentPostprocessing = 0;
		};
		3485FB4D1CF63F6D00D62FB2 /* Frameworks */ = {
			isa = PBXFrameworksBuildPhase;
			buildActionMask = 2147483647;
			files = (
			);
			runOnlyForDeploymentPostprocessing = 0;
		};
		3485FB581CF63F6D00D62FB2 /* Frameworks */ = {
			isa = PBXFrameworksBuildPhase;
			buildActionMask = 2147483647;
			files = (
			);
			runOnlyForDeploymentPostprocessing = 0;
		};
/* End PBXFrameworksBuildPhase section */

/* Begin PBXGroup section */
		12720BBE82DF394173349D96 /* Frameworks */ = {
			isa = PBXGroup;
			children = (
				9C93A5CB074E62E3D841FCAF /* Pods_capital_project.framework */,
			);
			name = Frameworks;
			sourceTree = "<group>";
		};
		3485FB331CF63F6D00D62FB2 = {
			isa = PBXGroup;
			children = (
				3485FB3E1CF63F6D00D62FB2 /* capital-project */,
				3485FB531CF63F6D00D62FB2 /* capital-projectTests */,
				3485FB5E1CF63F6D00D62FB2 /* capital-projectUITests */,
				3485FB3D1CF63F6D00D62FB2 /* Products */,
				6E95AB1AF3494DC85FEFD7D8 /* Pods */,
				12720BBE82DF394173349D96 /* Frameworks */,
			);
			sourceTree = "<group>";
		};
		3485FB3D1CF63F6D00D62FB2 /* Products */ = {
			isa = PBXGroup;
			children = (
				3485FB3C1CF63F6D00D62FB2 /* capital-project.app */,
				3485FB501CF63F6D00D62FB2 /* capital-projectTests.xctest */,
				3485FB5B1CF63F6D00D62FB2 /* capital-projectUITests.xctest */,
			);
			name = Products;
			sourceTree = "<group>";
		};
		3485FB3E1CF63F6D00D62FB2 /* capital-project */ = {
			isa = PBXGroup;
			children = (
				3485FB3F1CF63F6D00D62FB2 /* AppDelegate.swift */,
				3485FB411CF63F6D00D62FB2 /* ViewController.swift */,
				3485FB431CF63F6D00D62FB2 /* Main.storyboard */,
				3485FB461CF63F6D00D62FB2 /* Assets.xcassets */,
				3485FB481CF63F6D00D62FB2 /* LaunchScreen.storyboard */,
				3485FB4B1CF63F6D00D62FB2 /* Info.plist */,
			);
			path = "capital-project";
			sourceTree = "<group>";
		};
		3485FB531CF63F6D00D62FB2 /* capital-projectTests */ = {
			isa = PBXGroup;
			children = (
				3485FB541CF63F6D00D62FB2 /* capital_projectTests.swift */,
				3485FB561CF63F6D00D62FB2 /* Info.plist */,
			);
			path = "capital-projectTests";
			sourceTree = "<group>";
		};
		3485FB5E1CF63F6D00D62FB2 /* capital-projectUITests */ = {
			isa = PBXGroup;
			children = (
				3485FB5F1CF63F6D00D62FB2 /* capital_projectUITests.swift */,
				3485FB611CF63F6D00D62FB2 /* Info.plist */,
			);
			path = "capital-projectUITests";
			sourceTree = "<group>";
		};
		6E95AB1AF3494DC85FEFD7D8 /* Pods */ = {
			isa = PBXGroup;
			children = (
				2F759435F4C749D543468DEE /* Pods-capital-project.debug.xcconfig */,
				34FF1D2EA41891DE0452405D /* Pods-capital-project.release.xcconfig */,
			);
			name = Pods;
			sourceTree = "<group>";
		};
/* End PBXGroup section */

/* Begin PBXNativeTarget section */
		3485FB3B1CF63F6D00D62FB2 /* capital-project */ = {
			isa = PBXNativeTarget;
			buildConfigurationList = 3485FB641CF63F6D00D62FB2 /* Build configuration list for PBXNativeTarget "capital-project" */;
			buildPhases = (
				04B45DAA34E9A6DCF20A7DC9 /* 📦 Check Pods Manifest.lock */,
				3485FB381CF63F6D00D62FB2 /* Sources */,
				3485FB391CF63F6D00D62FB2 /* Frameworks */,
				3485FB3A1CF63F6D00D62FB2 /* Resources */,
				EB77AF2B67E495FCAE32C45F /* 📦 Embed Pods Frameworks */,
				86BBE896E7C513F58829FC2A /* 📦 Copy Pods Resources */,
			);
			buildRules = (
			);
			dependencies = (
			);
			name = "capital-project";
			productName = "capital-project";
			productReference = 3485FB3C1CF63F6D00D62FB2 /* capital-project.app */;
			productType = "com.apple.product-type.application";
		};
		3485FB4F1CF63F6D00D62FB2 /* capital-projectTests */ = {
			isa = PBXNativeTarget;
			buildConfigurationList = 3485FB671CF63F6D00D62FB2 /* Build configuration list for PBXNativeTarget "capital-projectTests" */;
			buildPhases = (
				3485FB4C1CF63F6D00D62FB2 /* Sources */,
				3485FB4D1CF63F6D00D62FB2 /* Frameworks */,
				3485FB4E1CF63F6D00D62FB2 /* Resources */,
			);
			buildRules = (
			);
			dependencies = (
				3485FB521CF63F6D00D62FB2 /* PBXTargetDependency */,
			);
			name = "capital-projectTests";
			productName = "capital-projectTests";
			productReference = 3485FB501CF63F6D00D62FB2 /* capital-projectTests.xctest */;
			productType = "com.apple.product-type.bundle.unit-test";
		};
		3485FB5A1CF63F6D00D62FB2 /* capital-projectUITests */ = {
			isa = PBXNativeTarget;
			buildConfigurationList = 3485FB6A1CF63F6D00D62FB2 /* Build configuration list for PBXNativeTarget "capital-projectUITests" */;
			buildPhases = (
				3485FB571CF63F6D00D62FB2 /* Sources */,
				3485FB581CF63F6D00D62FB2 /* Frameworks */,
				3485FB591CF63F6D00D62FB2 /* Resources */,
			);
			buildRules = (
			);
			dependencies = (
				3485FB5D1CF63F6D00D62FB2 /* PBXTargetDependency */,
			);
			name = "capital-projectUITests";
			productName = "capital-projectUITests";
			productReference = 3485FB5B1CF63F6D00D62FB2 /* capital-projectUITests.xctest */;
			productType = "com.apple.product-type.bundle.ui-testing";
		};
/* End PBXNativeTarget section */

/* Begin PBXProject section */
		3485FB341CF63F6D00D62FB2 /* Project object */ = {
			isa = PBXProject;
			attributes = {
				LastSwiftUpdateCheck = 0730;
				LastUpgradeCheck = 0730;
				ORGANIZATIONNAME = theanimasian;
				TargetAttributes = {
					3485FB3B1CF63F6D00D62FB2 = {
						CreatedOnToolsVersion = 7.3.1;
					};
					3485FB4F1CF63F6D00D62FB2 = {
						CreatedOnToolsVersion = 7.3.1;
						TestTargetID = 3485FB3B1CF63F6D00D62FB2;
					};
					3485FB5A1CF63F6D00D62FB2 = {
						CreatedOnToolsVersion = 7.3.1;
						TestTargetID = 3485FB3B1CF63F6D00D62FB2;
					};
				};
			};
			buildConfigurationList = 3485FB371CF63F6D00D62FB2 /* Build configuration list for PBXProject "capital-project" */;
			compatibilityVersion = "Xcode 3.2";
			developmentRegion = English;
			hasScannedForEncodings = 0;
			knownRegions = (
				en,
				Base,
			);
			mainGroup = 3485FB331CF63F6D00D62FB2;
			productRefGroup = 3485FB3D1CF63F6D00D62FB2 /* Products */;
			projectDirPath = "";
			projectRoot = "";
			targets = (
				3485FB3B1CF63F6D00D62FB2 /* capital-project */,
				3485FB4F1CF63F6D00D62FB2 /* capital-projectTests */,
				3485FB5A1CF63F6D00D62FB2 /* capital-projectUITests */,
			);
		};
/* End PBXProject section */

/* Begin PBXResourcesBuildPhase section */
		3485FB3A1CF63F6D00D62FB2 /* Resources */ = {
			isa = PBXResourcesBuildPhase;
			buildActionMask = 2147483647;
			files = (
				3485FB4A1CF63F6D00D62FB2 /* LaunchScreen.storyboard in Resources */,
				3485FB471CF63F6D00D62FB2 /* Assets.xcassets in Resources */,
				3485FB451CF63F6D00D62FB2 /* Main.storyboard in Resources */,
			);
			runOnlyForDeploymentPostprocessing = 0;
		};
		3485FB4E1CF63F6D00D62FB2 /* Resources */ = {
			isa = PBXResourcesBuildPhase;
			buildActionMask = 2147483647;
			files = (
			);
			runOnlyForDeploymentPostprocessing = 0;
		};
		3485FB591CF63F6D00D62FB2 /* Resources */ = {
			isa = PBXResourcesBuildPhase;
			buildActionMask = 2147483647;
			files = (
			);
			runOnlyForDeploymentPostprocessing = 0;
		};
/* End PBXResourcesBuildPhase section */

/* Begin PBXShellScriptBuildPhase section */
		04B45DAA34E9A6DCF20A7DC9 /* 📦 Check Pods Manifest.lock */ = {
			isa = PBXShellScriptBuildPhase;
			buildActionMask = 2147483647;
			files = (
			);
			inputPaths = (
			);
			name = "📦 Check Pods Manifest.lock";
			outputPaths = (
			);
			runOnlyForDeploymentPostprocessing = 0;
			shellPath = /bin/sh;
			shellScript = "diff \"${PODS_ROOT}/../Podfile.lock\" \"${PODS_ROOT}/Manifest.lock\" > /dev/null\nif [[ $? != 0 ]] ; then\n    cat << EOM\nerror: The sandbox is not in sync with the Podfile.lock. Run 'pod install' or update your CocoaPods installation.\nEOM\n    exit 1\nfi\n";
			showEnvVarsInLog = 0;
		};
		86BBE896E7C513F58829FC2A /* 📦 Copy Pods Resources */ = {
			isa = PBXShellScriptBuildPhase;
			buildActionMask = 2147483647;
			files = (
			);
			inputPaths = (
			);
			name = "📦 Copy Pods Resources";
			outputPaths = (
			);
			runOnlyForDeploymentPostprocessing = 0;
			shellPath = /bin/sh;
			shellScript = "\"${SRCROOT}/Pods/Target Support Files/Pods-capital-project/Pods-capital-project-resources.sh\"\n";
			showEnvVarsInLog = 0;
		};
		EB77AF2B67E495FCAE32C45F /* 📦 Embed Pods Frameworks */ = {
			isa = PBXShellScriptBuildPhase;
			buildActionMask = 2147483647;
			files = (
			);
			inputPaths = (
			);
			name = "📦 Embed Pods Frameworks";
			outputPaths = (
			);
			runOnlyForDeploymentPostprocessing = 0;
			shellPath = /bin/sh;
			shellScript = "\"${SRCROOT}/Pods/Target Support Files/Pods-capital-project/Pods-capital-project-frameworks.sh\"\n";
			showEnvVarsInLog = 0;
		};
/* End PBXShellScriptBuildPhase section */

/* Begin PBXSourcesBuildPhase section */
		3485FB381CF63F6D00D62FB2 /* Sources */ = {
			isa = PBXSourcesBuildPhase;
			buildActionMask = 2147483647;
			files = (
				3485FB421CF63F6D00D62FB2 /* ViewController.swift in Sources */,
				3485FB401CF63F6D00D62FB2 /* AppDelegate.swift in Sources */,
			);
			runOnlyForDeploymentPostprocessing = 0;
		};
		3485FB4C1CF63F6D00D62FB2 /* Sources */ = {
			isa = PBXSourcesBuildPhase;
			buildActionMask = 2147483647;
			files = (
				3485FB551CF63F6D00D62FB2 /* capital_projectTests.swift in Sources */,
			);
			runOnlyForDeploymentPostprocessing = 0;
		};
		3485FB571CF63F6D00D62FB2 /* Sources */ = {
			isa = PBXSourcesBuildPhase;
			buildActionMask = 2147483647;
			files = (
				3485FB601CF63F6D00D62FB2 /* capital_projectUITests.swift in Sources */,
			);
			runOnlyForDeploymentPostprocessing = 0;
		};
/* End PBXSourcesBuildPhase section */

/* Begin PBXTargetDependency section */
		3485FB521CF63F6D00D62FB2 /* PBXTargetDependency */ = {
			isa = PBXTargetDependency;
			target = 3485FB3B1CF63F6D00D62FB2 /* capital-project */;
			targetProxy = 3485FB511CF63F6D00D62FB2 /* PBXContainerItemProxy */;
		};
		3485FB5D1CF63F6D00D62FB2 /* PBXTargetDependency */ = {
			isa = PBXTargetDependency;
			target = 3485FB3B1CF63F6D00D62FB2 /* capital-project */;
			targetProxy = 3485FB5C1CF63F6D00D62FB2 /* PBXContainerItemProxy */;
		};
/* End PBXTargetDependency section */

/* Begin PBXVariantGroup section */
		3485FB431CF63F6D00D62FB2 /* Main.storyboard */ = {
			isa = PBXVariantGroup;
			children = (
				3485FB441CF63F6D00D62FB2 /* Base */,
			);
			name = Main.storyboard;
			sourceTree = "<group>";
		};
		3485FB481CF63F6D00D62FB2 /* LaunchScreen.storyboard */ = {
			isa = PBXVariantGroup;
			children = (
				3485FB491CF63F6D00D62FB2 /* Base */,
			);
			name = LaunchScreen.storyboard;
			sourceTree = "<group>";
		};
/* End PBXVariantGroup section */

/* Begin XCBuildConfiguration section */
		3485FB621CF63F6D00D62FB2 /* Debug */ = {
			isa = XCBuildConfiguration;
			buildSettings = {
				ALWAYS_SEARCH_USER_PATHS = NO;
				CLANG_ANALYZER_NONNULL = YES;
				CLANG_CXX_LANGUAGE_STANDARD = "gnu++0x";
				CLANG_CXX_LIBRARY = "libc++";
				CLANG_ENABLE_MODULES = YES;
				CLANG_ENABLE_OBJC_ARC = YES;
				CLANG_WARN_BOOL_CONVERSION = YES;
				CLANG_WARN_CONSTANT_CONVERSION = YES;
				CLANG_WARN_DIRECT_OBJC_ISA_USAGE = YES_ERROR;
				CLANG_WARN_EMPTY_BODY = YES;
				CLANG_WARN_ENUM_CONVERSION = YES;
				CLANG_WARN_INT_CONVERSION = YES;
				CLANG_WARN_OBJC_ROOT_CLASS = YES_ERROR;
				CLANG_WARN_UNREACHABLE_CODE = YES;
				CLANG_WARN__DUPLICATE_METHOD_MATCH = YES;
				"CODE_SIGN_IDENTITY[sdk=iphoneos*]" = "iPhone Developer";
				COPY_PHASE_STRIP = NO;
				DEBUG_INFORMATION_FORMAT = dwarf;
				ENABLE_STRICT_OBJC_MSGSEND = YES;
				ENABLE_TESTABILITY = YES;
				GCC_C_LANGUAGE_STANDARD = gnu99;
				GCC_DYNAMIC_NO_PIC = NO;
				GCC_NO_COMMON_BLOCKS = YES;
				GCC_OPTIMIZATION_LEVEL = 0;
				GCC_PREPROCESSOR_DEFINITIONS = (
					"DEBUG=1",
					"$(inherited)",
				);
				GCC_WARN_64_TO_32_BIT_CONVERSION = YES;
				GCC_WARN_ABOUT_RETURN_TYPE = YES_ERROR;
				GCC_WARN_UNDECLARED_SELECTOR = YES;
				GCC_WARN_UNINITIALIZED_AUTOS = YES_AGGRESSIVE;
				GCC_WARN_UNUSED_FUNCTION = YES;
				GCC_WARN_UNUSED_VARIABLE = YES;
				IPHONEOS_DEPLOYMENT_TARGET = 9.3;
				MTL_ENABLE_DEBUG_INFO = YES;
				ONLY_ACTIVE_ARCH = YES;
				SDKROOT = iphoneos;
				SWIFT_OPTIMIZATION_LEVEL = "-Onone";
				TARGETED_DEVICE_FAMILY = "1,2";
			};
			name = Debug;
		};
		3485FB631CF63F6D00D62FB2 /* Release */ = {
			isa = XCBuildConfiguration;
			buildSettings = {
				ALWAYS_SEARCH_USER_PATHS = NO;
				CLANG_ANALYZER_NONNULL = YES;
				CLANG_CXX_LANGUAGE_STANDARD = "gnu++0x";
				CLANG_CXX_LIBRARY = "libc++";
				CLANG_ENABLE_MODULES = YES;
				CLANG_ENABLE_OBJC_ARC = YES;
				CLANG_WARN_BOOL_CONVERSION = YES;
				CLANG_WARN_CONSTANT_CONVERSION = YES;
				CLANG_WARN_DIRECT_OBJC_ISA_USAGE = YES_ERROR;
				CLANG_WARN_EMPTY_BODY = YES;
				CLANG_WARN_ENUM_CONVERSION = YES;
				CLANG_WARN_INT_CONVERSION = YES;
				CLANG_WARN_OBJC_ROOT_CLASS = YES_ERROR;
				CLANG_WARN_UNREACHABLE_CODE = YES;
				CLANG_WARN__DUPLICATE_METHOD_MATCH = YES;
				"CODE_SIGN_IDENTITY[sdk=iphoneos*]" = "iPhone Developer";
				COPY_PHASE_STRIP = NO;
				DEBUG_INFORMATION_FORMAT = "dwarf-with-dsym";
				ENABLE_NS_ASSERTIONS = NO;
				ENABLE_STRICT_OBJC_MSGSEND = YES;
				GCC_C_LANGUAGE_STANDARD = gnu99;
				GCC_NO_COMMON_BLOCKS = YES;
				GCC_WARN_64_TO_32_BIT_CONVERSION = YES;
				GCC_WARN_ABOUT_RETURN_TYPE = YES_ERROR;
				GCC_WARN_UNDECLARED_SELECTOR = YES;
				GCC_WARN_UNINITIALIZED_AUTOS = YES_AGGRESSIVE;
				GCC_WARN_UNUSED_FUNCTION = YES;
				GCC_WARN_UNUSED_VARIABLE = YES;
				IPHONEOS_DEPLOYMENT_TARGET = 9.3;
				MTL_ENABLE_DEBUG_INFO = NO;
				SDKROOT = iphoneos;
				TARGETED_DEVICE_FAMILY = "1,2";
				VALIDATE_PRODUCT = YES;
			};
			name = Release;
		};
		3485FB651CF63F6D00D62FB2 /* Debug */ = {
			isa = XCBuildConfiguration;
			baseConfigurationReference = 2F759435F4C749D543468DEE /* Pods-capital-project.debug.xcconfig */;
			buildSettings = {
				ASSETCATALOG_COMPILER_APPICON_NAME = AppIcon;
				INFOPLIST_FILE = "capital-project/Info.plist";
				LD_RUNPATH_SEARCH_PATHS = "$(inherited) @executable_path/Frameworks";
				PRODUCT_BUNDLE_IDENTIFIER = "theanimasian.capital-project";
				PRODUCT_NAME = "$(TARGET_NAME)";
			};
			name = Debug;
		};
		3485FB661CF63F6D00D62FB2 /* Release */ = {
			isa = XCBuildConfiguration;
			baseConfigurationReference = 34FF1D2EA41891DE0452405D /* Pods-capital-project.release.xcconfig */;
			buildSettings = {
				ASSETCATALOG_COMPILER_APPICON_NAME = AppIcon;
				INFOPLIST_FILE = "capital-project/Info.plist";
				LD_RUNPATH_SEARCH_PATHS = "$(inherited) @executable_path/Frameworks";
				PRODUCT_BUNDLE_IDENTIFIER = "theanimasian.capital-project";
				PRODUCT_NAME = "$(TARGET_NAME)";
			};
			name = Release;
		};
		3485FB681CF63F6D00D62FB2 /* Debug */ = {
			isa = XCBuildConfiguration;
			buildSettings = {
				BUNDLE_LOADER = "$(TEST_HOST)";
				INFOPLIST_FILE = "capital-projectTests/Info.plist";
				LD_RUNPATH_SEARCH_PATHS = "$(inherited) @executable_path/Frameworks @loader_path/Frameworks";
				PRODUCT_BUNDLE_IDENTIFIER = "theanimasian.capital-projectTests";
				PRODUCT_NAME = "$(TARGET_NAME)";
				TEST_HOST = "$(BUILT_PRODUCTS_DIR)/capital-project.app/capital-project";
			};
			name = Debug;
		};
		3485FB691CF63F6D00D62FB2 /* Release */ = {
			isa = XCBuildConfiguration;
			buildSettings = {
				BUNDLE_LOADER = "$(TEST_HOST)";
				INFOPLIST_FILE = "capital-projectTests/Info.plist";
				LD_RUNPATH_SEARCH_PATHS = "$(inherited) @executable_path/Frameworks @loader_path/Frameworks";
				PRODUCT_BUNDLE_IDENTIFIER = "theanimasian.capital-projectTests";
				PRODUCT_NAME = "$(TARGET_NAME)";
				TEST_HOST = "$(BUILT_PRODUCTS_DIR)/capital-project.app/capital-project";
			};
			name = Release;
		};
		3485FB6B1CF63F6D00D62FB2 /* Debug */ = {
			isa = XCBuildConfiguration;
			buildSettings = {
				INFOPLIST_FILE = "capital-projectUITests/Info.plist";
				LD_RUNPATH_SEARCH_PATHS = "$(inherited) @executable_path/Frameworks @loader_path/Frameworks";
				PRODUCT_BUNDLE_IDENTIFIER = "theanimasian.capital-projectUITests";
				PRODUCT_NAME = "$(TARGET_NAME)";
				TEST_TARGET_NAME = "capital-project";
			};
			name = Debug;
		};
		3485FB6C1CF63F6D00D62FB2 /* Release */ = {
			isa = XCBuildConfiguration;
			buildSettings = {
				INFOPLIST_FILE = "capital-projectUITests/Info.plist";
				LD_RUNPATH_SEARCH_PATHS = "$(inherited) @executable_path/Frameworks @loader_path/Frameworks";
				PRODUCT_BUNDLE_IDENTIFIER = "theanimasian.capital-projectUITests";
				PRODUCT_NAME = "$(TARGET_NAME)";
				TEST_TARGET_NAME = "capital-project";
			};
			name = Release;
		};
/* End XCBuildConfiguration section */

/* Begin XCConfigurationList section */
		3485FB371CF63F6D00D62FB2 /* Build configuration list for PBXProject "capital-project" */ = {
			isa = XCConfigurationList;
			buildConfigurations = (
				3485FB621CF63F6D00D62FB2 /* Debug */,
				3485FB631CF63F6D00D62FB2 /* Release */,
			);
			defaultConfigurationIsVisible = 0;
			defaultConfigurationName = Release;
		};
		3485FB641CF63F6D00D62FB2 /* Build configuration list for PBXNativeTarget "capital-project" */ = {
			isa = XCConfigurationList;
			buildConfigurations = (
				3485FB651CF63F6D00D62FB2 /* Debug */,
				3485FB661CF63F6D00D62FB2 /* Release */,
			);
			defaultConfigurationIsVisible = 0;
			defaultConfigurationName = Release;
		};
		3485FB671CF63F6D00D62FB2 /* Build configuration list for PBXNativeTarget "capital-projectTests" */ = {
			isa = XCConfigurationList;
			buildConfigurations = (
				3485FB681CF63F6D00D62FB2 /* Debug */,
				3485FB691CF63F6D00D62FB2 /* Release */,
			);
			defaultConfigurationIsVisible = 0;
			defaultConfigurationName = Release;
		};
		3485FB6A1CF63F6D00D62FB2 /* Build configuration list for PBXNativeTarget "capital-projectUITests" */ = {
			isa = XCConfigurationList;
			buildConfigurations = (
				3485FB6B1CF63F6D00D62FB2 /* Debug */,
				3485FB6C1CF63F6D00D62FB2 /* Release */,
			);
			defaultConfigurationIsVisible = 0;
			defaultConfigurationName = Release;
		};
/* End XCConfigurationList section */
	};
	rootObject = 3485FB341CF63F6D00D62FB2 /* Project object */;
}
